
Microsoft Visual Studio Solution File, Format Version 12.00
Project("{FAE04EC0-301F-11D3-BF4B-00C04F79EFBC}") = "EventFoto.API", "EventFoto.API\EventFoto.API.csproj", "{40582642-65A6-4D97-BB9F-BF705C8FC110}"
EndProject
Project("{2150E333-8FDC-42A3-9474-1A3956D46DE8}") = "Solution items", "Solution items", "{FFEC2E73-62AB-4109-A661-C83C91A047AA}"
	ProjectSection(SolutionItems) = preProject
		.editorconfig = .editorconfig
		.gitattributes = .gitattributes
		.gitignore = .gitignore
	EndProjectSection
EndProject
Project("{FAE04EC0-301F-11D3-BF4B-00C04F79EFBC}") = "EventFoto.Data", "EventFoto.Data\EventFoto.Data.csproj", "{00649701-3D0F-45A9-9194-3BFF9443F817}"
EndProject
Project("{FAE04EC0-301F-11D3-BF4B-00C04F79EFBC}") = "EventFoto.Core", "EventFoto.Core\EventFoto.Core.csproj", "{C3468BB5-26A8-4D6B-BB3F-888CC4E4721C}"
EndProject
Project("{FAE04EC0-301F-11D3-BF4B-00C04F79EFBC}") = "EventFoto.Imaging.API", "EventFoto.Imaging.API\EventFoto.Imaging.API.csproj", "{939E409A-537A-4A69-9CD3-BEA4F9FDEACF}"
EndProject
Global
	GlobalSection(SolutionConfigurationPlatforms) = preSolution
		Debug|Any CPU = Debug|Any CPU
		Release|Any CPU = Release|Any CPU
	EndGlobalSection
	GlobalSection(ProjectConfigurationPlatforms) = postSolution
		{40582642-65A6-4D97-BB9F-BF705C8FC110}.Debug|Any CPU.ActiveCfg = Debug|Any CPU
		{40582642-65A6-4D97-BB9F-BF705C8FC110}.Debug|Any CPU.Build.0 = Debug|Any CPU
		{40582642-65A6-4D97-BB9F-BF705C8FC110}.Release|Any CPU.ActiveCfg = Release|Any CPU
		{40582642-65A6-4D97-BB9F-BF705C8FC110}.Release|Any CPU.Build.0 = Release|Any CPU
		{00649701-3D0F-45A9-9194-3BFF9443F817}.Debug|Any CPU.ActiveCfg = Debug|Any CPU
		{00649701-3D0F-45A9-9194-3BFF9443F817}.Debug|Any CPU.Build.0 = Debug|Any CPU
		{00649701-3D0F-45A9-9194-3BFF9443F817}.Release|Any CPU.ActiveCfg = Release|Any CPU
		{00649701-3D0F-45A9-9194-3BFF9443F817}.Release|Any CPU.Build.0 = Release|Any CPU
		{C3468BB5-26A8-4D6B-BB3F-888CC4E4721C}.Debug|Any CPU.ActiveCfg = Debug|Any CPU
		{C3468BB5-26A8-4D6B-BB3F-888CC4E4721C}.Debug|Any CPU.Build.0 = Debug|Any CPU
		{C3468BB5-26A8-4D6B-BB3F-888CC4E4721C}.Release|Any CPU.ActiveCfg = Release|Any CPU
		{C3468BB5-26A8-4D6B-BB3F-888CC4E4721C}.Release|Any CPU.Build.0 = Release|Any CPU
		{939E409A-537A-4A69-9CD3-BEA4F9FDEACF}.Debug|Any CPU.ActiveCfg = Debug|Any CPU
		{939E409A-537A-4A69-9CD3-BEA4F9FDEACF}.Debug|Any CPU.Build.0 = Debug|Any CPU
		{939E409A-537A-4A69-9CD3-BEA4F9FDEACF}.Release|Any CPU.ActiveCfg = Release|Any CPU
		{939E409A-537A-4A69-9CD3-BEA4F9FDEACF}.Release|Any CPU.Build.0 = Release|Any CPU
	EndGlobalSection
EndGlobal
